
Microsoft Visual Studio Solution File, Format Version 12.00
# Visual Studio Version 17
VisualStudioVersion = 17.11.35208.52
MinimumVisualStudioVersion = 10.0.40219.1
Project("{9A19103F-16F7-4668-BE54-9A1E7A4F7556}") = "hw5(mvc)", "hw5(mvc)\hw5(mvc).csproj", "{926D7F0B-E9D0-4800-811A-B4EBC87597CF}"
EndProject
Global
	GlobalSection(SolutionConfigurationPlatforms) = preSolution
		Debug|Any CPU = Debug|Any CPU
		Release|Any CPU = Release|Any CPU
	EndGlobalSection
	GlobalSection(ProjectConfigurationPlatforms) = postSolution
		{926D7F0B-E9D0-4800-811A-B4EBC87597CF}.Debug|Any CPU.ActiveCfg = Debug|Any CPU
		{926D7F0B-E9D0-4800-811A-B4EBC87597CF}.Debug|Any CPU.Build.0 = Debug|Any CPU
		{926D7F0B-E9D0-4800-811A-B4EBC87597CF}.Release|Any CPU.ActiveCfg = Release|Any CPU
		{926D7F0B-E9D0-4800-811A-B4EBC87597CF}.Release|Any CPU.Build.0 = Release|Any CPU
	EndGlobalSection
	GlobalSection(SolutionProperties) = preSolution
		HideSolutionNode = FALSE
	EndGlobalSection
	GlobalSection(ExtensibilityGlobals) = postSolution
		SolutionGuid = {5088D4F7-983D-4026-89B1-EC8F15C86B6E}
	EndGlobalSection
EndGlobal
